
Microsoft Visual Studio Solution File, Format Version 12.00
# Visual Studio 15
VisualStudioVersion = 15.0.27703.2000
MinimumVisualStudioVersion = 10.0.40219.1
Project("{9A19103F-16F7-4668-BE54-9A1E7A4F7556}") = "PipelineDemo.ConsoleApp", "PipelineDemo.ConsoleApp\PipelineDemo.ConsoleApp.csproj", "{BDE483F2-0EFE-47B2-8006-36B7B5556A13}"
EndProject
Project("{FAE04EC0-301F-11D3-BF4B-00C04F79EFBC}") = "PipelineDemo.Core", "PipelineDemo.Core\PipelineDemo.Core.csproj", "{D93FC874-9FB8-45C5-A8AE-C532F760801B}"
EndProject
Global
	GlobalSection(SolutionConfigurationPlatforms) = preSolution
		Debug|Any CPU = Debug|Any CPU
		Release|Any CPU = Release|Any CPU
	EndGlobalSection
	GlobalSection(ProjectConfigurationPlatforms) = postSolution
		{BDE483F2-0EFE-47B2-8006-36B7B5556A13}.Debug|Any CPU.ActiveCfg = Debug|Any CPU
		{BDE483F2-0EFE-47B2-8006-36B7B5556A13}.Debug|Any CPU.Build.0 = Debug|Any CPU
		{BDE483F2-0EFE-47B2-8006-36B7B5556A13}.Release|Any CPU.ActiveCfg = Release|Any CPU
		{BDE483F2-0EFE-47B2-8006-36B7B5556A13}.Release|Any CPU.Build.0 = Release|Any CPU
		{D93FC874-9FB8-45C5-A8AE-C532F760801B}.Debug|Any CPU.ActiveCfg = Debug|Any CPU
		{D93FC874-9FB8-45C5-A8AE-C532F760801B}.Debug|Any CPU.Build.0 = Debug|Any CPU
		{D93FC874-9FB8-45C5-A8AE-C532F760801B}.Release|Any CPU.ActiveCfg = Release|Any CPU
		{D93FC874-9FB8-45C5-A8AE-C532F760801B}.Release|Any CPU.Build.0 = Release|Any CPU
	EndGlobalSection
	GlobalSection(SolutionProperties) = preSolution
		HideSolutionNode = FALSE
	EndGlobalSection
	GlobalSection(ExtensibilityGlobals) = postSolution
		SolutionGuid = {AB5E2791-B305-40FB-8454-6BD3681F837B}
	EndGlobalSection
EndGlobal
